
Microsoft Visual Studio Solution File, Format Version 12.00
# Visual Studio Version 17
VisualStudioVersion = 17.14.36414.22
MinimumVisualStudioVersion = 10.0.40219.1
Project("{2150E333-8FDC-42A3-9474-1A3956D46DE8}") = "Task0", "Task0", "{02EA681E-C7D8-13C7-8484-4AC65E1B71E8}"
EndProject
Project("{FAE04EC0-301F-11D3-BF4B-00C04F79EFBC}") = "Tyuiu.KarpenkoAL.Sprint5.Task0.V16", "Tyuiu.KarpenkoAL.Sprint5.Task0.V16\Tyuiu.KarpenkoAL.Sprint5.Task0.V16.csproj", "{F9FA98AA-788E-46F2-814D-4351E35B6684}"
EndProject
Project("{FAE04EC0-301F-11D3-BF4B-00C04F79EFBC}") = "Tyuiu.KarpenkoAL.Sprint5.Task0.V16.Lib", "Tyuiu.KarpenkoAL.Sprint5.Task0.V16.Lib\Tyuiu.KarpenkoAL.Sprint5.Task0.V16.Lib.csproj", "{887C027A-98C1-47CB-AFCE-3335E57ADCFB}"
EndProject
Project("{FAE04EC0-301F-11D3-BF4B-00C04F79EFBC}") = "Tyuiu.KarpenkoAL.Sprint5.Task0.V16.Test", "Tyuiu.KarpenkoAL.Sprint5.Task0.V16.Test\Tyuiu.KarpenkoAL.Sprint5.Task0.V16.Test.csproj", "{A0B930DA-936E-4380-B52E-72A4C723F14E}"
EndProject
Project("{2150E333-8FDC-42A3-9474-1A3956D46DE8}") = "Task1", "Task1", "{B9758DBB-6E84-4DE4-ACE3-5BE84EBB02E6}"
EndProject
Project("{FAE04EC0-301F-11D3-BF4B-00C04F79EFBC}") = "Tyuiu.KarpenkoAL.Sprint5.Task1.V8", "Tyuiu.KarpenkoAL.Sprint5.Task1.V8\Tyuiu.KarpenkoAL.Sprint5.Task1.V8.csproj", "{349E020B-A585-474E-8712-380D628F4631}"
EndProject
Project("{FAE04EC0-301F-11D3-BF4B-00C04F79EFBC}") = "Tyuiu.KarpenkoAL.Sprint5.Task1.V8.Lib", "Tyuiu.KarpenkoAL.Sprint5.Task1.V8.Lib\Tyuiu.KarpenkoAL.Sprint5.Task1.V8.Lib.csproj", "{81E05ED5-8460-4782-8D2F-CE76F4578A2A}"
EndProject
Project("{FAE04EC0-301F-11D3-BF4B-00C04F79EFBC}") = "Tyuiu.KarpenkoAL.Sprint5.Task1.V8.Test", "Tyuiu.KarpenkoAL.Sprint5.Task1.V8.Test\Tyuiu.KarpenkoAL.Sprint5.Task1.V8.Test.csproj", "{D96A3D4D-7ED9-4C46-A386-A2F0825DB09D}"
EndProject
Project("{2150E333-8FDC-42A3-9474-1A3956D46DE8}") = "Task2", "Task2", "{0979C93D-8BE9-44A0-88EE-68D199B61F40}"
EndProject
Project("{FAE04EC0-301F-11D3-BF4B-00C04F79EFBC}") = "Tyuiu.KarpenkoAL.Sprint5.Task2.V5", "Tyuiu.KarpenkoAL.Sprint5.Task2.V5\Tyuiu.KarpenkoAL.Sprint5.Task2.V5.csproj", "{6CF117F8-B91D-43A8-B3C9-CEAFDA7CF649}"
EndProject
Project("{FAE04EC0-301F-11D3-BF4B-00C04F79EFBC}") = "Tyuiu.KarpenkoAL.Sprint5.Task2.V5.Lib", "Tyuiu.KarpenkoAL.Sprint5.Task2.V5.Lib\Tyuiu.KarpenkoAL.Sprint5.Task2.V5.Lib.csproj", "{BEECFE68-0752-4CDA-AC27-C9AA1DD43112}"
EndProject
Project("{FAE04EC0-301F-11D3-BF4B-00C04F79EFBC}") = "Tyuiu.KarpenkoAL.Sprint5.Task2.V5.Test", "Tyuiu.KarpenkoAL.Sprint5.Task2.V5.Test\Tyuiu.KarpenkoAL.Sprint5.Task2.V5.Test.csproj", "{2D49CD69-38A6-4758-A814-790B117E88D1}"
EndProject
Project("{2150E333-8FDC-42A3-9474-1A3956D46DE8}") = "Task3", "Task3", "{6FD51F2D-F20C-4ECC-8EE5-174C8A65972A}"
EndProject
Project("{FAE04EC0-301F-11D3-BF4B-00C04F79EFBC}") = "Tyuiu.KarpenkoAL.Sprint5.Task3.V20", "Tyuiu.KarpenkoAL.Sprint5.Task3.V20\Tyuiu.KarpenkoAL.Sprint5.Task3.V20.csproj", "{740592BA-15A2-4A6E-81DD-E924BAC93AE2}"
EndProject
Project("{FAE04EC0-301F-11D3-BF4B-00C04F79EFBC}") = "Tyuiu.KarpenkoAL.Sprint5.Task3.V20.Lib", "Tyuiu.KarpenkoAL.Sprint5.Task3.V20.Lib\Tyuiu.KarpenkoAL.Sprint5.Task3.V20.Lib.csproj", "{F31C8A59-50D4-496B-BD22-C772EFBA97D1}"
EndProject
Project("{FAE04EC0-301F-11D3-BF4B-00C04F79EFBC}") = "Tyuiu.KarpenkoAL.Sprint5.Task3.V20.Test", "Tyuiu.KarpenkoAL.Sprint5.Task3.V20.Test\Tyuiu.KarpenkoAL.Sprint5.Task3.V20.Test.csproj", "{9A2E1ED7-D9F8-4C16-9444-108CC82082EC}"
EndProject
Project("{2150E333-8FDC-42A3-9474-1A3956D46DE8}") = "Task4", "Task4", "{83514A76-7F45-4203-AB81-E842A01D856C}"
EndProject
Project("{FAE04EC0-301F-11D3-BF4B-00C04F79EFBC}") = "Tyuiu.KarpenkoAL.Sprint5.Task4.V6", "Tyuiu.KarpenkoAL.Sprint5.Task4.V6\Tyuiu.KarpenkoAL.Sprint5.Task4.V6.csproj", "{8315AFD9-107D-42F5-A1A0-BA39BA479630}"
EndProject
Project("{FAE04EC0-301F-11D3-BF4B-00C04F79EFBC}") = "Tyuiu.KarpenkoAL.Sprint5.Task4.V6.Lib", "Tyuiu.KarpenkoAL.Sprint5.Task4.V6.Lib\Tyuiu.KarpenkoAL.Sprint5.Task4.V6.Lib.csproj", "{E851E0F3-160A-48CF-9800-390ED9C7343C}"
EndProject
Project("{FAE04EC0-301F-11D3-BF4B-00C04F79EFBC}") = "Tyuiu.KarpenkoAL.Sprint5.Task4.V6.Test", "Tyuiu.KarpenkoAL.Sprint5.Task4.V6.Test\Tyuiu.KarpenkoAL.Sprint5.Task4.V6.Test.csproj", "{2453B8BD-E38B-4F0F-986D-00A4AB3FF1B4}"
EndProject
Project("{2150E333-8FDC-42A3-9474-1A3956D46DE8}") = "Task5", "Task5", "{A1569187-6C56-4E7C-8F2F-811D809278A3}"
EndProject
Project("{FAE04EC0-301F-11D3-BF4B-00C04F79EFBC}") = "Tyuiu.KarpenkoAL.Sprint5.Task5.V7", "Tyuiu.KarpenkoAL.Sprint5.Task5.V7\Tyuiu.KarpenkoAL.Sprint5.Task5.V7.csproj", "{088FA51E-8D96-4CA6-BDF2-959011F6F25E}"
EndProject
Project("{FAE04EC0-301F-11D3-BF4B-00C04F79EFBC}") = "Tyuiu.KarpenkoAL.Sprint5.Task5.V7.Lib", "Tyuiu.KarpenkoAL.Sprint5.Task5.V7.Lib\Tyuiu.KarpenkoAL.Sprint5.Task5.V7.Lib.csproj", "{4F2B031C-AB68-4AFC-A522-E8D53DEF86A2}"
EndProject
Project("{FAE04EC0-301F-11D3-BF4B-00C04F79EFBC}") = "Tyuiu.KarpenkoAL.Sprint5.Task5.V7.Test", "Tyuiu.KarpenkoAL.Sprint5.Task5.V7.Test\Tyuiu.KarpenkoAL.Sprint5.Task5.V7.Test.csproj", "{4837F8DB-E6CB-47CC-ACB5-20D2755E6AEC}"
EndProject
Global
	GlobalSection(SolutionConfigurationPlatforms) = preSolution
		Debug|Any CPU = Debug|Any CPU
		Release|Any CPU = Release|Any CPU
	EndGlobalSection
	GlobalSection(ProjectConfigurationPlatforms) = postSolution
		{F9FA98AA-788E-46F2-814D-4351E35B6684}.Debug|Any CPU.ActiveCfg = Debug|Any CPU
		{F9FA98AA-788E-46F2-814D-4351E35B6684}.Debug|Any CPU.Build.0 = Debug|Any CPU
		{F9FA98AA-788E-46F2-814D-4351E35B6684}.Release|Any CPU.ActiveCfg = Release|Any CPU
		{F9FA98AA-788E-46F2-814D-4351E35B6684}.Release|Any CPU.Build.0 = Release|Any CPU
		{887C027A-98C1-47CB-AFCE-3335E57ADCFB}.Debug|Any CPU.ActiveCfg = Debug|Any CPU
		{887C027A-98C1-47CB-AFCE-3335E57ADCFB}.Debug|Any CPU.Build.0 = Debug|Any CPU
		{887C027A-98C1-47CB-AFCE-3335E57ADCFB}.Release|Any CPU.ActiveCfg = Release|Any CPU
		{887C027A-98C1-47CB-AFCE-3335E57ADCFB}.Release|Any CPU.Build.0 = Release|Any CPU
		{A0B930DA-936E-4380-B52E-72A4C723F14E}.Debug|Any CPU.ActiveCfg = Debug|Any CPU
		{A0B930DA-936E-4380-B52E-72A4C723F14E}.Debug|Any CPU.Build.0 = Debug|Any CPU
		{A0B930DA-936E-4380-B52E-72A4C723F14E}.Release|Any CPU.ActiveCfg = Release|Any CPU
		{A0B930DA-936E-4380-B52E-72A4C723F14E}.Release|Any CPU.Build.0 = Release|Any CPU
		{349E020B-A585-474E-8712-380D628F4631}.Debug|Any CPU.ActiveCfg = Debug|Any CPU
		{349E020B-A585-474E-8712-380D628F4631}.Debug|Any CPU.Build.0 = Debug|Any CPU
		{349E020B-A585-474E-8712-380D628F4631}.Release|Any CPU.ActiveCfg = Release|Any CPU
		{349E020B-A585-474E-8712-380D628F4631}.Release|Any CPU.Build.0 = Release|Any CPU
		{81E05ED5-8460-4782-8D2F-CE76F4578A2A}.Debug|Any CPU.ActiveCfg = Debug|Any CPU
		{81E05ED5-8460-4782-8D2F-CE76F4578A2A}.Debug|Any CPU.Build.0 = Debug|Any CPU
		{81E05ED5-8460-4782-8D2F-CE76F4578A2A}.Release|Any CPU.ActiveCfg = Release|Any CPU
		{81E05ED5-8460-4782-8D2F-CE76F4578A2A}.Release|Any CPU.Build.0 = Release|Any CPU
		{D96A3D4D-7ED9-4C46-A386-A2F0825DB09D}.Debug|Any CPU.ActiveCfg = Debug|Any CPU
		{D96A3D4D-7ED9-4C46-A386-A2F0825DB09D}.Debug|Any CPU.Build.0 = Debug|Any CPU
		{D96A3D4D-7ED9-4C46-A386-A2F0825DB09D}.Release|Any CPU.ActiveCfg = Release|Any CPU
		{D96A3D4D-7ED9-4C46-A386-A2F0825DB09D}.Release|Any CPU.Build.0 = Release|Any CPU
		{6CF117F8-B91D-43A8-B3C9-CEAFDA7CF649}.Debug|Any CPU.ActiveCfg = Debug|Any CPU
		{6CF117F8-B91D-43A8-B3C9-CEAFDA7CF649}.Debug|Any CPU.Build.0 = Debug|Any CPU
		{6CF117F8-B91D-43A8-B3C9-CEAFDA7CF649}.Release|Any CPU.ActiveCfg = Release|Any CPU
		{6CF117F8-B91D-43A8-B3C9-CEAFDA7CF649}.Release|Any CPU.Build.0 = Release|Any CPU
		{BEECFE68-0752-4CDA-AC27-C9AA1DD43112}.Debug|Any CPU.ActiveCfg = Debug|Any CPU
		{BEECFE68-0752-4CDA-AC27-C9AA1DD43112}.Debug|Any CPU.Build.0 = Debug|Any CPU
		{BEECFE68-0752-4CDA-AC27-C9AA1DD43112}.Release|Any CPU.ActiveCfg = Release|Any CPU
		{BEECFE68-0752-4CDA-AC27-C9AA1DD43112}.Release|Any CPU.Build.0 = Release|Any CPU
		{2D49CD69-38A6-4758-A814-790B117E88D1}.Debug|Any CPU.ActiveCfg = Debug|Any CPU
		{2D49CD69-38A6-4758-A814-790B117E88D1}.Debug|Any CPU.Build.0 = Debug|Any CPU
		{2D49CD69-38A6-4758-A814-790B117E88D1}.Release|Any CPU.ActiveCfg = Release|Any CPU
		{2D49CD69-38A6-4758-A814-790B117E88D1}.Release|Any CPU.Build.0 = Release|Any CPU
		{740592BA-15A2-4A6E-81DD-E924BAC93AE2}.Debug|Any CPU.ActiveCfg = Debug|Any CPU
		{740592BA-15A2-4A6E-81DD-E924BAC93AE2}.Debug|Any CPU.Build.0 = Debug|Any CPU
		{740592BA-15A2-4A6E-81DD-E924BAC93AE2}.Release|Any CPU.ActiveCfg = Release|Any CPU
		{740592BA-15A2-4A6E-81DD-E924BAC93AE2}.Release|Any CPU.Build.0 = Release|Any CPU
		{F31C8A59-50D4-496B-BD22-C772EFBA97D1}.Debug|Any CPU.ActiveCfg = Debug|Any CPU
		{F31C8A59-50D4-496B-BD22-C772EFBA97D1}.Debug|Any CPU.Build.0 = Debug|Any CPU
		{F31C8A59-50D4-496B-BD22-C772EFBA97D1}.Release|Any CPU.ActiveCfg = Release|Any CPU
		{F31C8A59-50D4-496B-BD22-C772EFBA97D1}.Release|Any CPU.Build.0 = Release|Any CPU
		{9A2E1ED7-D9F8-4C16-9444-108CC82082EC}.Debug|Any CPU.ActiveCfg = Debug|Any CPU
		{9A2E1ED7-D9F8-4C16-9444-108CC82082EC}.Debug|Any CPU.Build.0 = Debug|Any CPU
		{9A2E1ED7-D9F8-4C16-9444-108CC82082EC}.Release|Any CPU.ActiveCfg = Release|Any CPU
		{9A2E1ED7-D9F8-4C16-9444-108CC82082EC}.Release|Any CPU.Build.0 = Release|Any CPU
		{8315AFD9-107D-42F5-A1A0-BA39BA479630}.Debug|Any CPU.ActiveCfg = Debug|Any CPU
		{8315AFD9-107D-42F5-A1A0-BA39BA479630}.Debug|Any CPU.Build.0 = Debug|Any CPU
		{8315AFD9-107D-42F5-A1A0-BA39BA479630}.Release|Any CPU.ActiveCfg = Release|Any CPU
		{8315AFD9-107D-42F5-A1A0-BA39BA479630}.Release|Any CPU.Build.0 = Release|Any CPU
		{E851E0F3-160A-48CF-9800-390ED9C7343C}.Debug|Any CPU.ActiveCfg = Debug|Any CPU
		{E851E0F3-160A-48CF-9800-390ED9C7343C}.Debug|Any CPU.Build.0 = Debug|Any CPU
		{E851E0F3-160A-48CF-9800-390ED9C7343C}.Release|Any CPU.ActiveCfg = Release|Any CPU
		{E851E0F3-160A-48CF-9800-390ED9C7343C}.Release|Any CPU.Build.0 = Release|Any CPU
		{2453B8BD-E38B-4F0F-986D-00A4AB3FF1B4}.Debug|Any CPU.ActiveCfg = Debug|Any CPU
		{2453B8BD-E38B-4F0F-986D-00A4AB3FF1B4}.Debug|Any CPU.Build.0 = Debug|Any CPU
		{2453B8BD-E38B-4F0F-986D-00A4AB3FF1B4}.Release|Any CPU.ActiveCfg = Release|Any CPU
		{2453B8BD-E38B-4F0F-986D-00A4AB3FF1B4}.Release|Any CPU.Build.0 = Release|Any CPU
		{088FA51E-8D96-4CA6-BDF2-959011F6F25E}.Debug|Any CPU.ActiveCfg = Debug|Any CPU
		{088FA51E-8D96-4CA6-BDF2-959011F6F25E}.Debug|Any CPU.Build.0 = Debug|Any CPU
		{088FA51E-8D96-4CA6-BDF2-959011F6F25E}.Release|Any CPU.ActiveCfg = Release|Any CPU
		{088FA51E-8D96-4CA6-BDF2-959011F6F25E}.Release|Any CPU.Build.0 = Release|Any CPU
		{4F2B031C-AB68-4AFC-A522-E8D53DEF86A2}.Debug|Any CPU.ActiveCfg = Debug|Any CPU
		{4F2B031C-AB68-4AFC-A522-E8D53DEF86A2}.Debug|Any CPU.Build.0 = Debug|Any CPU
		{4F2B031C-AB68-4AFC-A522-E8D53DEF86A2}.Release|Any CPU.ActiveCfg = Release|Any CPU
		{4F2B031C-AB68-4AFC-A522-E8D53DEF86A2}.Release|Any CPU.Build.0 = Release|Any CPU
		{4837F8DB-E6CB-47CC-ACB5-20D2755E6AEC}.Debug|Any CPU.ActiveCfg = Debug|Any CPU
		{4837F8DB-E6CB-47CC-ACB5-20D2755E6AEC}.Debug|Any CPU.Build.0 = Debug|Any CPU
		{4837F8DB-E6CB-47CC-ACB5-20D2755E6AEC}.Release|Any CPU.ActiveCfg = Release|Any CPU
		{4837F8DB-E6CB-47CC-ACB5-20D2755E6AEC}.Release|Any CPU.Build.0 = Release|Any CPU
	EndGlobalSection
	GlobalSection(SolutionProperties) = preSolution
		HideSolutionNode = FALSE
	EndGlobalSection
	GlobalSection(NestedProjects) = preSolution
		{F9FA98AA-788E-46F2-814D-4351E35B6684} = {02EA681E-C7D8-13C7-8484-4AC65E1B71E8}
		{887C027A-98C1-47CB-AFCE-3335E57ADCFB} = {02EA681E-C7D8-13C7-8484-4AC65E1B71E8}
		{A0B930DA-936E-4380-B52E-72A4C723F14E} = {02EA681E-C7D8-13C7-8484-4AC65E1B71E8}
		{349E020B-A585-474E-8712-380D628F4631} = {B9758DBB-6E84-4DE4-ACE3-5BE84EBB02E6}
		{81E05ED5-8460-4782-8D2F-CE76F4578A2A} = {B9758DBB-6E84-4DE4-ACE3-5BE84EBB02E6}
		{D96A3D4D-7ED9-4C46-A386-A2F0825DB09D} = {B9758DBB-6E84-4DE4-ACE3-5BE84EBB02E6}
		{6CF117F8-B91D-43A8-B3C9-CEAFDA7CF649} = {0979C93D-8BE9-44A0-88EE-68D199B61F40}
		{BEECFE68-0752-4CDA-AC27-C9AA1DD43112} = {0979C93D-8BE9-44A0-88EE-68D199B61F40}
		{2D49CD69-38A6-4758-A814-790B117E88D1} = {0979C93D-8BE9-44A0-88EE-68D199B61F40}
		{740592BA-15A2-4A6E-81DD-E924BAC93AE2} = {6FD51F2D-F20C-4ECC-8EE5-174C8A65972A}
		{F31C8A59-50D4-496B-BD22-C772EFBA97D1} = {6FD51F2D-F20C-4ECC-8EE5-174C8A65972A}
		{9A2E1ED7-D9F8-4C16-9444-108CC82082EC} = {6FD51F2D-F20C-4ECC-8EE5-174C8A65972A}
		{8315AFD9-107D-42F5-A1A0-BA39BA479630} = {83514A76-7F45-4203-AB81-E842A01D856C}
		{E851E0F3-160A-48CF-9800-390ED9C7343C} = {83514A76-7F45-4203-AB81-E842A01D856C}
		{2453B8BD-E38B-4F0F-986D-00A4AB3FF1B4} = {83514A76-7F45-4203-AB81-E842A01D856C}
		{088FA51E-8D96-4CA6-BDF2-959011F6F25E} = {A1569187-6C56-4E7C-8F2F-811D809278A3}
		{4F2B031C-AB68-4AFC-A522-E8D53DEF86A2} = {A1569187-6C56-4E7C-8F2F-811D809278A3}
		{4837F8DB-E6CB-47CC-ACB5-20D2755E6AEC} = {A1569187-6C56-4E7C-8F2F-811D809278A3}
	EndGlobalSection
	GlobalSection(ExtensibilityGlobals) = postSolution
		SolutionGuid = {61A4DFF8-88F5-4E9C-8AD8-EE4C9EC4BC37}
	EndGlobalSection
EndGlobal
